// !$*UTF8*$!
{
	archiveVersion = 1;
	classes = {
	};
	objectVersion = 46;
	objects = {

/* Begin PBXBuildFile section */
		47B901C51E2D2BA200F1F85D /* AppDelegate.swift in Sources */ = {isa = PBXBuildFile; fileRef = 47B901C41E2D2BA200F1F85D /* AppDelegate.swift */; };
		47B901C71E2D2BA200F1F85D /* ViewController.swift in Sources */ = {isa = PBXBuildFile; fileRef = 47B901C61E2D2BA200F1F85D /* ViewController.swift */; };
		47B901CA1E2D2BA200F1F85D /* Main.storyboard in Resources */ = {isa = PBXBuildFile; fileRef = 47B901C81E2D2BA200F1F85D /* Main.storyboard */; };
		47B901CC1E2D2BA200F1F85D /* Assets.xcassets in Resources */ = {isa = PBXBuildFile; fileRef = 47B901CB1E2D2BA200F1F85D /* Assets.xcassets */; };
		47B901CF1E2D2BA200F1F85D /* LaunchScreen.storyboard in Resources */ = {isa = PBXBuildFile; fileRef = 47B901CD1E2D2BA200F1F85D /* LaunchScreen.storyboard */; };
		47B901F31E2D2DA500F1F85D /* MonsAlert.swift in Sources */ = {isa = PBXBuildFile; fileRef = 47B901F21E2D2DA500F1F85D /* MonsAlert.swift */; };
		47B901F51E2D2FD900F1F85D /* com.monscierge.ErrorHandler.alerts.plist in Resources */ = {isa = PBXBuildFile; fileRef = 47B901F41E2D2FD900F1F85D /* com.monscierge.ErrorHandler.alerts.plist */; };
		47B901F71E2D3DCF00F1F85D /* Alert.swift in Sources */ = {isa = PBXBuildFile; fileRef = 47B901F61E2D3DCF00F1F85D /* Alert.swift */; };
		47B901F91E2D417300F1F85D /* ErrorType.swift in Sources */ = {isa = PBXBuildFile; fileRef = 47B901F81E2D417300F1F85D /* ErrorType.swift */; };
		47B9023D1E2D493400F1F85D /* App2Delegate.swift in Sources */ = {isa = PBXBuildFile; fileRef = 47B9023C1E2D493400F1F85D /* App2Delegate.swift */; };
		47B9024C1E2D497400F1F85D /* Main.storyboard in Resources */ = {isa = PBXBuildFile; fileRef = 47B901C81E2D2BA200F1F85D /* Main.storyboard */; };
		47B9024D1E2D497700F1F85D /* ViewController.swift in Sources */ = {isa = PBXBuildFile; fileRef = 47B901C61E2D2BA200F1F85D /* ViewController.swift */; };
		47B9024E1E2D498C00F1F85D /* LaunchScreen.storyboard in Resources */ = {isa = PBXBuildFile; fileRef = 47B901CD1E2D2BA200F1F85D /* LaunchScreen.storyboard */; };
		47B9024F1E2D498F00F1F85D /* Assets.xcassets in Resources */ = {isa = PBXBuildFile; fileRef = 47B901CB1E2D2BA200F1F85D /* Assets.xcassets */; };
		47B902501E2D499300F1F85D /* MonsAlert.swift in Sources */ = {isa = PBXBuildFile; fileRef = 47B901F21E2D2DA500F1F85D /* MonsAlert.swift */; };
		47B902511E2D49AF00F1F85D /* com.monscierge.app2.alerts.plist in Resources */ = {isa = PBXBuildFile; fileRef = 47B9022D1E2D463800F1F85D /* com.monscierge.app2.alerts.plist */; };
		47B902521E2D49B700F1F85D /* Alert.swift in Sources */ = {isa = PBXBuildFile; fileRef = 47B901F61E2D3DCF00F1F85D /* Alert.swift */; };
		47B902531E2D49BB00F1F85D /* ErrorType.swift in Sources */ = {isa = PBXBuildFile; fileRef = 47B901F81E2D417300F1F85D /* ErrorType.swift */; };
		47B9025B1E2D4AAD00F1F85D /* App3Delegate.swift in Sources */ = {isa = PBXBuildFile; fileRef = 47B9025A1E2D4AAD00F1F85D /* App3Delegate.swift */; };
		47B9026A1E2D4ABE00F1F85D /* ViewController.swift in Sources */ = {isa = PBXBuildFile; fileRef = 47B901C61E2D2BA200F1F85D /* ViewController.swift */; };
		47B9026B1E2D4AC300F1F85D /* Main.storyboard in Resources */ = {isa = PBXBuildFile; fileRef = 47B901C81E2D2BA200F1F85D /* Main.storyboard */; };
		47B9026C1E2D4AC500F1F85D /* Assets.xcassets in Resources */ = {isa = PBXBuildFile; fileRef = 47B901CB1E2D2BA200F1F85D /* Assets.xcassets */; };
		47B9026D1E2D4ACD00F1F85D /* LaunchScreen.storyboard in Resources */ = {isa = PBXBuildFile; fileRef = 47B901CD1E2D2BA200F1F85D /* LaunchScreen.storyboard */; };
		47B9026E1E2D4AD000F1F85D /* MonsAlert.swift in Sources */ = {isa = PBXBuildFile; fileRef = 47B901F21E2D2DA500F1F85D /* MonsAlert.swift */; };
		47B9026F1E2D4AD400F1F85D /* Alert.swift in Sources */ = {isa = PBXBuildFile; fileRef = 47B901F61E2D3DCF00F1F85D /* Alert.swift */; };
		47B902701E2D4AD700F1F85D /* ErrorType.swift in Sources */ = {isa = PBXBuildFile; fileRef = 47B901F81E2D417300F1F85D /* ErrorType.swift */; };
/* End PBXBuildFile section */

/* Begin PBXFileReference section */
		47B901C11E2D2BA200F1F85D /* ErrorHandler.app */ = {isa = PBXFileReference; explicitFileType = wrapper.application; includeInIndex = 0; path = ErrorHandler.app; sourceTree = BUILT_PRODUCTS_DIR; };
		47B901C41E2D2BA200F1F85D /* AppDelegate.swift */ = {isa = PBXFileReference; lastKnownFileType = sourcecode.swift; path = AppDelegate.swift; sourceTree = "<group>"; };
		47B901C61E2D2BA200F1F85D /* ViewController.swift */ = {isa = PBXFileReference; lastKnownFileType = sourcecode.swift; path = ViewController.swift; sourceTree = "<group>"; };
		47B901C91E2D2BA200F1F85D /* Base */ = {isa = PBXFileReference; lastKnownFileType = file.storyboard; name = Base; path = Base.lproj/Main.storyboard; sourceTree = "<group>"; };
		47B901CB1E2D2BA200F1F85D /* Assets.xcassets */ = {isa = PBXFileReference; lastKnownFileType = folder.assetcatalog; path = Assets.xcassets; sourceTree = "<group>"; };
		47B901CE1E2D2BA200F1F85D /* Base */ = {isa = PBXFileReference; lastKnownFileType = file.storyboard; name = Base; path = Base.lproj/LaunchScreen.storyboard; sourceTree = "<group>"; };
		47B901D01E2D2BA200F1F85D /* Info.plist */ = {isa = PBXFileReference; lastKnownFileType = text.plist.xml; path = Info.plist; sourceTree = "<group>"; };
		47B901F21E2D2DA500F1F85D /* MonsAlert.swift */ = {isa = PBXFileReference; fileEncoding = 4; lastKnownFileType = sourcecode.swift; path = MonsAlert.swift; sourceTree = "<group>"; };
		47B901F41E2D2FD900F1F85D /* com.monscierge.ErrorHandler.alerts.plist */ = {isa = PBXFileReference; fileEncoding = 4; lastKnownFileType = text.plist.xml; path = com.monscierge.ErrorHandler.alerts.plist; sourceTree = "<group>"; };
		47B901F61E2D3DCF00F1F85D /* Alert.swift */ = {isa = PBXFileReference; fileEncoding = 4; lastKnownFileType = sourcecode.swift; path = Alert.swift; sourceTree = "<group>"; };
		47B901F81E2D417300F1F85D /* ErrorType.swift */ = {isa = PBXFileReference; fileEncoding = 4; lastKnownFileType = sourcecode.swift; path = ErrorType.swift; sourceTree = "<group>"; };
		47B9022D1E2D463800F1F85D /* com.monscierge.app2.alerts.plist */ = {isa = PBXFileReference; fileEncoding = 4; lastKnownFileType = text.plist.xml; path = com.monscierge.app2.alerts.plist; sourceTree = "<group>"; };
		47B9023A1E2D493400F1F85D /* app2.app */ = {isa = PBXFileReference; explicitFileType = wrapper.application; includeInIndex = 0; path = app2.app; sourceTree = BUILT_PRODUCTS_DIR; };
		47B9023C1E2D493400F1F85D /* App2Delegate.swift */ = {isa = PBXFileReference; lastKnownFileType = sourcecode.swift; name = App2Delegate.swift; path = ../app2/App2Delegate.swift; sourceTree = "<group>"; };
		47B902481E2D493400F1F85D /* app2-info.plist */ = {isa = PBXFileReference; lastKnownFileType = text.plist.xml; path = "app2-info.plist"; sourceTree = "<group>"; };
		47B902581E2D4AAD00F1F85D /* app3.app */ = {isa = PBXFileReference; explicitFileType = wrapper.application; includeInIndex = 0; path = app3.app; sourceTree = BUILT_PRODUCTS_DIR; };
		47B9025A1E2D4AAD00F1F85D /* App3Delegate.swift */ = {isa = PBXFileReference; lastKnownFileType = sourcecode.swift; name = App3Delegate.swift; path = ../app3/App3Delegate.swift; sourceTree = "<group>"; };
		47B902661E2D4AAD00F1F85D /* app3-info.plist */ = {isa = PBXFileReference; lastKnownFileType = text.plist.xml; path = "app3-info.plist"; sourceTree = "<group>"; };
/* End PBXFileReference section */

/* Begin PBXFrameworksBuildPhase section */
		47B901BE1E2D2BA200F1F85D /* Frameworks */ = {
			isa = PBXFrameworksBuildPhase;
			buildActionMask = 2147483647;
			files = (
			);
			runOnlyForDeploymentPostprocessing = 0;
		};
		47B902371E2D493400F1F85D /* Frameworks */ = {
			isa = PBXFrameworksBuildPhase;
			buildActionMask = 2147483647;
			files = (
			);
			runOnlyForDeploymentPostprocessing = 0;
		};
		47B902551E2D4AAD00F1F85D /* Frameworks */ = {
			isa = PBXFrameworksBuildPhase;
			buildActionMask = 2147483647;
			files = (
			);
			runOnlyForDeploymentPostprocessing = 0;
		};
/* End PBXFrameworksBuildPhase section */

/* Begin PBXGroup section */
		47B901B81E2D2BA200F1F85D = {
			isa = PBXGroup;
			children = (
				47B901C31E2D2BA200F1F85D /* ErrorHandler */,
				47B901C21E2D2BA200F1F85D /* Products */,
			);
			sourceTree = "<group>";
		};
		47B901C21E2D2BA200F1F85D /* Products */ = {
			isa = PBXGroup;
			children = (
				47B901C11E2D2BA200F1F85D /* ErrorHandler.app */,
				47B9023A1E2D493400F1F85D /* app2.app */,
				47B902581E2D4AAD00F1F85D /* app3.app */,
			);
			name = Products;
			sourceTree = "<group>";
		};
		47B901C31E2D2BA200F1F85D /* ErrorHandler */ = {
			isa = PBXGroup;
			children = (
				47B902711E2D518F00F1F85D /* AppDelegates */,
				47B902331E2D480E00F1F85D /* Supporting Files */,
				47B901C61E2D2BA200F1F85D /* ViewController.swift */,
				47B901C81E2D2BA200F1F85D /* Main.storyboard */,
				47B901CB1E2D2BA200F1F85D /* Assets.xcassets */,
				47B901CD1E2D2BA200F1F85D /* LaunchScreen.storyboard */,
				47B901F21E2D2DA500F1F85D /* MonsAlert.swift */,
				47B9022C1E2D45E600F1F85D /* AlertPlist */,
				47B901F61E2D3DCF00F1F85D /* Alert.swift */,
				47B901F81E2D417300F1F85D /* ErrorType.swift */,
			);
			path = ErrorHandler;
			sourceTree = "<group>";
		};
		47B9022C1E2D45E600F1F85D /* AlertPlist */ = {
			isa = PBXGroup;
			children = (
				47B901F41E2D2FD900F1F85D /* com.monscierge.ErrorHandler.alerts.plist */,
				47B9022D1E2D463800F1F85D /* com.monscierge.app2.alerts.plist */,
			);
			name = AlertPlist;
			sourceTree = "<group>";
		};
		47B902331E2D480E00F1F85D /* Supporting Files */ = {
			isa = PBXGroup;
			children = (
				47B901D01E2D2BA200F1F85D /* Info.plist */,
				47B902481E2D493400F1F85D /* app2-info.plist */,
				47B902661E2D4AAD00F1F85D /* app3-info.plist */,
			);
			name = "Supporting Files";
			sourceTree = "<group>";
		};
		47B902711E2D518F00F1F85D /* AppDelegates */ = {
			isa = PBXGroup;
			children = (
				47B901C41E2D2BA200F1F85D /* AppDelegate.swift */,
				47B9023C1E2D493400F1F85D /* App2Delegate.swift */,
				47B9025A1E2D4AAD00F1F85D /* App3Delegate.swift */,
			);
			name = AppDelegates;
			sourceTree = "<group>";
		};
/* End PBXGroup section */

/* Begin PBXNativeTarget section */
		47B901C01E2D2BA200F1F85D /* ErrorHandler */ = {
			isa = PBXNativeTarget;
			buildConfigurationList = 47B901E91E2D2BA300F1F85D /* Build configuration list for PBXNativeTarget "ErrorHandler" */;
			buildPhases = (
				47B901BD1E2D2BA200F1F85D /* Sources */,
				47B901BE1E2D2BA200F1F85D /* Frameworks */,
				47B901BF1E2D2BA200F1F85D /* Resources */,
			);
			buildRules = (
			);
			dependencies = (
			);
			name = ErrorHandler;
			productName = ErrorHandler;
			productReference = 47B901C11E2D2BA200F1F85D /* ErrorHandler.app */;
			productType = "com.apple.product-type.application";
		};
		47B902391E2D493400F1F85D /* app2 */ = {
			isa = PBXNativeTarget;
			buildConfigurationList = 47B902491E2D493400F1F85D /* Build configuration list for PBXNativeTarget "app2" */;
			buildPhases = (
				47B902361E2D493400F1F85D /* Sources */,
				47B902371E2D493400F1F85D /* Frameworks */,
				47B902381E2D493400F1F85D /* Resources */,
			);
			buildRules = (
			);
			dependencies = (
			);
			name = app2;
			productName = app2;
			productReference = 47B9023A1E2D493400F1F85D /* app2.app */;
			productType = "com.apple.product-type.application";
		};
		47B902571E2D4AAD00F1F85D /* app3 */ = {
			isa = PBXNativeTarget;
			buildConfigurationList = 47B902671E2D4AAD00F1F85D /* Build configuration list for PBXNativeTarget "app3" */;
			buildPhases = (
				47B902541E2D4AAD00F1F85D /* Sources */,
				47B902551E2D4AAD00F1F85D /* Frameworks */,
				47B902561E2D4AAD00F1F85D /* Resources */,
			);
			buildRules = (
			);
			dependencies = (
			);
			name = app3;
			productName = app3;
			productReference = 47B902581E2D4AAD00F1F85D /* app3.app */;
			productType = "com.apple.product-type.application";
		};
/* End PBXNativeTarget section */

/* Begin PBXProject section */
		47B901B91E2D2BA200F1F85D /* Project object */ = {
			isa = PBXProject;
			attributes = {
				LastSwiftUpdateCheck = 0820;
				LastUpgradeCheck = 0820;
				ORGANIZATIONNAME = "James McPherson";
				TargetAttributes = {
					47B901C01E2D2BA200F1F85D = {
						CreatedOnToolsVersion = 8.2.1;
						DevelopmentTeam = 7VTHXSCD8X;
						ProvisioningStyle = Automatic;
					};
					47B902391E2D493400F1F85D = {
						CreatedOnToolsVersion = 8.2.1;
						DevelopmentTeam = 7VTHXSCD8X;
						ProvisioningStyle = Automatic;
					};
					47B902571E2D4AAD00F1F85D = {
						CreatedOnToolsVersion = 8.2.1;
						DevelopmentTeam = 7VTHXSCD8X;
						ProvisioningStyle = Automatic;
					};
				};
			};
			buildConfigurationList = 47B901BC1E2D2BA200F1F85D /* Build configuration list for PBXProject "ErrorHandler" */;
			compatibilityVersion = "Xcode 3.2";
			developmentRegion = English;
			hasScannedForEncodings = 0;
			knownRegions = (
				en,
				Base,
			);
			mainGroup = 47B901B81E2D2BA200F1F85D;
			productRefGroup = 47B901C21E2D2BA200F1F85D /* Products */;
			projectDirPath = "";
			projectRoot = "";
			targets = (
				47B901C01E2D2BA200F1F85D /* ErrorHandler */,
				47B902391E2D493400F1F85D /* app2 */,
				47B902571E2D4AAD00F1F85D /* app3 */,
			);
		};
/* End PBXProject section */

/* Begin PBXResourcesBuildPhase section */
		47B901BF1E2D2BA200F1F85D /* Resources */ = {
			isa = PBXResourcesBuildPhase;
			buildActionMask = 2147483647;
			files = (
				47B901F51E2D2FD900F1F85D /* com.monscierge.ErrorHandler.alerts.plist in Resources */,
				47B901CF1E2D2BA200F1F85D /* LaunchScreen.storyboard in Resources */,
				47B901CC1E2D2BA200F1F85D /* Assets.xcassets in Resources */,
				47B901CA1E2D2BA200F1F85D /* Main.storyboard in Resources */,
			);
			runOnlyForDeploymentPostprocessing = 0;
		};
		47B902381E2D493400F1F85D /* Resources */ = {
			isa = PBXResourcesBuildPhase;
			buildActionMask = 2147483647;
			files = (
				47B902511E2D49AF00F1F85D /* com.monscierge.app2.alerts.plist in Resources */,
				47B9024E1E2D498C00F1F85D /* LaunchScreen.storyboard in Resources */,
				47B9024F1E2D498F00F1F85D /* Assets.xcassets in Resources */,
				47B9024C1E2D497400F1F85D /* Main.storyboard in Resources */,
			);
			runOnlyForDeploymentPostprocessing = 0;
		};
		47B902561E2D4AAD00F1F85D /* Resources */ = {
			isa = PBXResourcesBuildPhase;
			buildActionMask = 2147483647;
			files = (
				47B9026D1E2D4ACD00F1F85D /* LaunchScreen.storyboard in Resources */,
				47B9026C1E2D4AC500F1F85D /* Assets.xcassets in Resources */,
				47B9026B1E2D4AC300F1F85D /* Main.storyboard in Resources */,
			);
			runOnlyForDeploymentPostprocessing = 0;
		};
/* End PBXResourcesBuildPhase section */

/* Begin PBXSourcesBuildPhase section */
		47B901BD1E2D2BA200F1F85D /* Sources */ = {
			isa = PBXSourcesBuildPhase;
			buildActionMask = 2147483647;
			files = (
				47B901C71E2D2BA200F1F85D /* ViewController.swift in Sources */,
				47B901F91E2D417300F1F85D /* ErrorType.swift in Sources */,
				47B901F31E2D2DA500F1F85D /* MonsAlert.swift in Sources */,
				47B901F71E2D3DCF00F1F85D /* Alert.swift in Sources */,
				47B901C51E2D2BA200F1F85D /* AppDelegate.swift in Sources */,
			);
			runOnlyForDeploymentPostprocessing = 0;
		};
		47B902361E2D493400F1F85D /* Sources */ = {
			isa = PBXSourcesBuildPhase;
			buildActionMask = 2147483647;
			files = (
				47B9024D1E2D497700F1F85D /* ViewController.swift in Sources */,
				47B9023D1E2D493400F1F85D /* App2Delegate.swift in Sources */,
				47B902521E2D49B700F1F85D /* Alert.swift in Sources */,
				47B902531E2D49BB00F1F85D /* ErrorType.swift in Sources */,
				47B902501E2D499300F1F85D /* MonsAlert.swift in Sources */,
			);
			runOnlyForDeploymentPostprocessing = 0;
		};
		47B902541E2D4AAD00F1F85D /* Sources */ = {
			isa = PBXSourcesBuildPhase;
			buildActionMask = 2147483647;
			files = (
				47B9026A1E2D4ABE00F1F85D /* ViewController.swift in Sources */,
				47B902701E2D4AD700F1F85D /* ErrorType.swift in Sources */,
				47B9026E1E2D4AD000F1F85D /* MonsAlert.swift in Sources */,
				47B9026F1E2D4AD400F1F85D /* Alert.swift in Sources */,
				47B9025B1E2D4AAD00F1F85D /* App3Delegate.swift in Sources */,
			);
			runOnlyForDeploymentPostprocessing = 0;
		};
/* End PBXSourcesBuildPhase section */

/* Begin PBXVariantGroup section */
		47B901C81E2D2BA200F1F85D /* Main.storyboard */ = {
			isa = PBXVariantGroup;
			children = (
				47B901C91E2D2BA200F1F85D /* Base */,
			);
			name = Main.storyboard;
			sourceTree = "<group>";
		};
		47B901CD1E2D2BA200F1F85D /* LaunchScreen.storyboard */ = {
			isa = PBXVariantGroup;
			children = (
				47B901CE1E2D2BA200F1F85D /* Base */,
			);
			name = LaunchScreen.storyboard;
			sourceTree = "<group>";
		};
/* End PBXVariantGroup section */

/* Begin XCBuildConfiguration section */
		47B901E71E2D2BA300F1F85D /* Debug */ = {
			isa = XCBuildConfiguration;
			buildSettings = {
				ALWAYS_SEARCH_USER_PATHS = NO;
				CLANG_ANALYZER_NONNULL = YES;
				CLANG_CXX_LANGUAGE_STANDARD = "gnu++0x";
				CLANG_CXX_LIBRARY = "libc++";
				CLANG_ENABLE_MODULES = YES;
				CLANG_ENABLE_OBJC_ARC = YES;
				CLANG_WARN_BOOL_CONVERSION = YES;
				CLANG_WARN_CONSTANT_CONVERSION = YES;
				CLANG_WARN_DIRECT_OBJC_ISA_USAGE = YES_ERROR;
				CLANG_WARN_DOCUMENTATION_COMMENTS = YES;
				CLANG_WARN_EMPTY_BODY = YES;
				CLANG_WARN_ENUM_CONVERSION = YES;
				CLANG_WARN_INFINITE_RECURSION = YES;
				CLANG_WARN_INT_CONVERSION = YES;
				CLANG_WARN_OBJC_ROOT_CLASS = YES_ERROR;
				CLANG_WARN_SUSPICIOUS_MOVE = YES;
				CLANG_WARN_UNREACHABLE_CODE = YES;
				CLANG_WARN__DUPLICATE_METHOD_MATCH = YES;
				"CODE_SIGN_IDENTITY[sdk=iphoneos*]" = "iPhone Developer";
				COPY_PHASE_STRIP = NO;
				DEBUG_INFORMATION_FORMAT = dwarf;
				ENABLE_STRICT_OBJC_MSGSEND = YES;
				ENABLE_TESTABILITY = YES;
				GCC_C_LANGUAGE_STANDARD = gnu99;
				GCC_DYNAMIC_NO_PIC = NO;
				GCC_NO_COMMON_BLOCKS = YES;
				GCC_OPTIMIZATION_LEVEL = 0;
				GCC_PREPROCESSOR_DEFINITIONS = (
					"DEBUG=1",
					"$(inherited)",
				);
				GCC_WARN_64_TO_32_BIT_CONVERSION = YES;
				GCC_WARN_ABOUT_RETURN_TYPE = YES_ERROR;
				GCC_WARN_UNDECLARED_SELECTOR = YES;
				GCC_WARN_UNINITIALIZED_AUTOS = YES_AGGRESSIVE;
				GCC_WARN_UNUSED_FUNCTION = YES;
				GCC_WARN_UNUSED_VARIABLE = YES;
				IPHONEOS_DEPLOYMENT_TARGET = 10.2;
				MTL_ENABLE_DEBUG_INFO = YES;
				ONLY_ACTIVE_ARCH = YES;
				SDKROOT = iphoneos;
				SWIFT_ACTIVE_COMPILATION_CONDITIONS = DEBUG;
				SWIFT_OPTIMIZATION_LEVEL = "-Onone";
				TARGETED_DEVICE_FAMILY = "1,2";
			};
			name = Debug;
		};
		47B901E81E2D2BA300F1F85D /* Release */ = {
			isa = XCBuildConfiguration;
			buildSettings = {
				ALWAYS_SEARCH_USER_PATHS = NO;
				CLANG_ANALYZER_NONNULL = YES;
				CLANG_CXX_LANGUAGE_STANDARD = "gnu++0x";
				CLANG_CXX_LIBRARY = "libc++";
				CLANG_ENABLE_MODULES = YES;
				CLANG_ENABLE_OBJC_ARC = YES;
				CLANG_WARN_BOOL_CONVERSION = YES;
				CLANG_WARN_CONSTANT_CONVERSION = YES;
				CLANG_WARN_DIRECT_OBJC_ISA_USAGE = YES_ERROR;
				CLANG_WARN_DOCUMENTATION_COMMENTS = YES;
				CLANG_WARN_EMPTY_BODY = YES;
				CLANG_WARN_ENUM_CONVERSION = YES;
				CLANG_WARN_INFINITE_RECURSION = YES;
				CLANG_WARN_INT_CONVERSION = YES;
				CLANG_WARN_OBJC_ROOT_CLASS = YES_ERROR;
				CLANG_WARN_SUSPICIOUS_MOVE = YES;
				CLANG_WARN_UNREACHABLE_CODE = YES;
				CLANG_WARN__DUPLICATE_METHOD_MATCH = YES;
				"CODE_SIGN_IDENTITY[sdk=iphoneos*]" = "iPhone Developer";
				COPY_PHASE_STRIP = NO;
				DEBUG_INFORMATION_FORMAT = "dwarf-with-dsym";
				ENABLE_NS_ASSERTIONS = NO;
				ENABLE_STRICT_OBJC_MSGSEND = YES;
				GCC_C_LANGUAGE_STANDARD = gnu99;
				GCC_NO_COMMON_BLOCKS = YES;
				GCC_WARN_64_TO_32_BIT_CONVERSION = YES;
				GCC_WARN_ABOUT_RETURN_TYPE = YES_ERROR;
				GCC_WARN_UNDECLARED_SELECTOR = YES;
				GCC_WARN_UNINITIALIZED_AUTOS = YES_AGGRESSIVE;
				GCC_WARN_UNUSED_FUNCTION = YES;
				GCC_WARN_UNUSED_VARIABLE = YES;
				IPHONEOS_DEPLOYMENT_TARGET = 10.2;
				MTL_ENABLE_DEBUG_INFO = NO;
				SDKROOT = iphoneos;
				SWIFT_OPTIMIZATION_LEVEL = "-Owholemodule";
				TARGETED_DEVICE_FAMILY = "1,2";
				VALIDATE_PRODUCT = YES;
			};
			name = Release;
		};
		47B901EA1E2D2BA300F1F85D /* Debug */ = {
			isa = XCBuildConfiguration;
			buildSettings = {
				ASSETCATALOG_COMPILER_APPICON_NAME = AppIcon;
				DEVELOPMENT_TEAM = 7VTHXSCD8X;
				INFOPLIST_FILE = ErrorHandler/Info.plist;
				LD_RUNPATH_SEARCH_PATHS = "$(inherited) @executable_path/Frameworks";
				PRODUCT_BUNDLE_IDENTIFIER = com.monscierge.ErrorHandler;
				PRODUCT_NAME = "$(TARGET_NAME)";
				SWIFT_VERSION = 3.0;
			};
			name = Debug;
		};
		47B901EB1E2D2BA300F1F85D /* Release */ = {
			isa = XCBuildConfiguration;
			buildSettings = {
				ASSETCATALOG_COMPILER_APPICON_NAME = AppIcon;
				DEVELOPMENT_TEAM = 7VTHXSCD8X;
				INFOPLIST_FILE = ErrorHandler/Info.plist;
				LD_RUNPATH_SEARCH_PATHS = "$(inherited) @executable_path/Frameworks";
				PRODUCT_BUNDLE_IDENTIFIER = com.monscierge.ErrorHandler;
				PRODUCT_NAME = "$(TARGET_NAME)";
				SWIFT_VERSION = 3.0;
			};
			name = Release;
		};
		47B9024A1E2D493400F1F85D /* Debug */ = {
			isa = XCBuildConfiguration;
			buildSettings = {
				ASSETCATALOG_COMPILER_APPICON_NAME = AppIcon;
				DEVELOPMENT_TEAM = 7VTHXSCD8X;
				INFOPLIST_FILE = "ErrorHandler/app2-info.plist";
				LD_RUNPATH_SEARCH_PATHS = "$(inherited) @executable_path/Frameworks";
				PRODUCT_BUNDLE_IDENTIFIER = com.monscierge.app2;
				PRODUCT_NAME = "$(TARGET_NAME)";
				SWIFT_VERSION = 3.0;
			};
			name = Debug;
		};
		47B9024B1E2D493400F1F85D /* Release */ = {
			isa = XCBuildConfiguration;
			buildSettings = {
				ASSETCATALOG_COMPILER_APPICON_NAME = AppIcon;
				DEVELOPMENT_TEAM = 7VTHXSCD8X;
				INFOPLIST_FILE = "ErrorHandler/app2-info.plist";
				LD_RUNPATH_SEARCH_PATHS = "$(inherited) @executable_path/Frameworks";
				PRODUCT_BUNDLE_IDENTIFIER = com.monscierge.app2;
				PRODUCT_NAME = "$(TARGET_NAME)";
				SWIFT_VERSION = 3.0;
			};
			name = Release;
		};
		47B902681E2D4AAD00F1F85D /* Debug */ = {
			isa = XCBuildConfiguration;
			buildSettings = {
				ASSETCATALOG_COMPILER_APPICON_NAME = AppIcon;
				DEVELOPMENT_TEAM = 7VTHXSCD8X;
				INFOPLIST_FILE = "ErrorHandler/app3-info.plist";
				LD_RUNPATH_SEARCH_PATHS = "$(inherited) @executable_path/Frameworks";
				PRODUCT_BUNDLE_IDENTIFIER = com.monscierge.app3;
				PRODUCT_NAME = "$(TARGET_NAME)";
				SWIFT_VERSION = 3.0;
			};
			name = Debug;
		};
		47B902691E2D4AAD00F1F85D /* Release */ = {
			isa = XCBuildConfiguration;
			buildSettings = {
				ASSETCATALOG_COMPILER_APPICON_NAME = AppIcon;
				DEVELOPMENT_TEAM = 7VTHXSCD8X;
				INFOPLIST_FILE = "ErrorHandler/app3-info.plist";
				LD_RUNPATH_SEARCH_PATHS = "$(inherited) @executable_path/Frameworks";
				PRODUCT_BUNDLE_IDENTIFIER = com.monscierge.app3;
				PRODUCT_NAME = "$(TARGET_NAME)";
				SWIFT_VERSION = 3.0;
			};
			name = Release;
		};
/* End XCBuildConfiguration section */

/* Begin XCConfigurationList section */
		47B901BC1E2D2BA200F1F85D /* Build configuration list for PBXProject "ErrorHandler" */ = {
			isa = XCConfigurationList;
			buildConfigurations = (
				47B901E71E2D2BA300F1F85D /* Debug */,
				47B901E81E2D2BA300F1F85D /* Release */,
			);
			defaultConfigurationIsVisible = 0;
			defaultConfigurationName = Release;
		};
		47B901E91E2D2BA300F1F85D /* Build configuration list for PBXNativeTarget "ErrorHandler" */ = {
			isa = XCConfigurationList;
			buildConfigurations = (
				47B901EA1E2D2BA300F1F85D /* Debug */,
				47B901EB1E2D2BA300F1F85D /* Release */,
			);
			defaultConfigurationIsVisible = 0;
			defaultConfigurationName = Release;
		};
		47B902491E2D493400F1F85D /* Build configuration list for PBXNativeTarget "app2" */ = {
			isa = XCConfigurationList;
			buildConfigurations = (
				47B9024A1E2D493400F1F85D /* Debug */,
				47B9024B1E2D493400F1F85D /* Release */,
			);
			defaultConfigurationIsVisible = 0;
		};
		47B902671E2D4AAD00F1F85D /* Build configuration list for PBXNativeTarget "app3" */ = {
			isa = XCConfigurationList;
			buildConfigurations = (
				47B902681E2D4AAD00F1F85D /* Debug */,
				47B902691E2D4AAD00F1F85D /* Release */,
			);
			defaultConfigurationIsVisible = 0;
		};
/* End XCConfigurationList section */
	};
	rootObject = 47B901B91E2D2BA200F1F85D /* Project object */;
}
